
Microsoft Visual Studio Solution File, Format Version 12.00
# Visual Studio 15
VisualStudioVersion = 15.0.28307.168
MinimumVisualStudioVersion = 10.0.40219.1
Project("{8BC9CEB8-8B4A-11D0-8D11-00A0C91BC942}") = "ParallelLib", "ParallelLib\ParallelLib.vcxproj", "{ED6F62F6-6A7B-4E95-B641-EFB15AC94D0F}"
EndProject
Project("{8BC9CEB8-8B4A-11D0-8D11-00A0C91BC942}") = "TestSuite", "TestSuite\TestSuite.vcxproj", "{E6FAE2D8-EA10-41ED-9C6C-966237CB7312}"
EndProject
Global
	GlobalSection(SolutionConfigurationPlatforms) = preSolution
		Debug|x64 = Debug|x64
		Debug|x86 = Debug|x86
		Release|x64 = Release|x64
		Release|x86 = Release|x86
	EndGlobalSection
	GlobalSection(ProjectConfigurationPlatforms) = postSolution
		{ED6F62F6-6A7B-4E95-B641-EFB15AC94D0F}.Debug|x64.ActiveCfg = Debug|x64
		{ED6F62F6-6A7B-4E95-B641-EFB15AC94D0F}.Debug|x64.Build.0 = Debug|x64
		{ED6F62F6-6A7B-4E95-B641-EFB15AC94D0F}.Debug|x86.ActiveCfg = Debug|Win32
		{ED6F62F6-6A7B-4E95-B641-EFB15AC94D0F}.Debug|x86.Build.0 = Debug|Win32
		{ED6F62F6-6A7B-4E95-B641-EFB15AC94D0F}.Release|x64.ActiveCfg = Release|x64
		{ED6F62F6-6A7B-4E95-B641-EFB15AC94D0F}.Release|x64.Build.0 = Release|x64
		{ED6F62F6-6A7B-4E95-B641-EFB15AC94D0F}.Release|x86.ActiveCfg = Release|Win32
		{ED6F62F6-6A7B-4E95-B641-EFB15AC94D0F}.Release|x86.Build.0 = Release|Win32
		{E6FAE2D8-EA10-41ED-9C6C-966237CB7312}.Debug|x64.ActiveCfg = Debug|x64
		{E6FAE2D8-EA10-41ED-9C6C-966237CB7312}.Debug|x64.Build.0 = Debug|x64
		{E6FAE2D8-EA10-41ED-9C6C-966237CB7312}.Debug|x86.ActiveCfg = Debug|Win32
		{E6FAE2D8-EA10-41ED-9C6C-966237CB7312}.Debug|x86.Build.0 = Debug|Win32
		{E6FAE2D8-EA10-41ED-9C6C-966237CB7312}.Release|x64.ActiveCfg = Release|x64
		{E6FAE2D8-EA10-41ED-9C6C-966237CB7312}.Release|x64.Build.0 = Release|x64
		{E6FAE2D8-EA10-41ED-9C6C-966237CB7312}.Release|x86.ActiveCfg = Release|Win32
		{E6FAE2D8-EA10-41ED-9C6C-966237CB7312}.Release|x86.Build.0 = Release|Win32
	EndGlobalSection
	GlobalSection(SolutionProperties) = preSolution
		HideSolutionNode = FALSE
	EndGlobalSection
	GlobalSection(ExtensibilityGlobals) = postSolution
		SolutionGuid = {79087F9D-8C1E-401C-99BE-67130CF5A1F8}
	EndGlobalSection
EndGlobal
